
Microsoft Visual Studio Solution File, Format Version 12.00
# Visual Studio 14
VisualStudioVersion = 14.0.25420.1
MinimumVisualStudioVersion = 10.0.40219.1
Project("{FAE04EC0-301F-11D3-BF4B-00C04F79EFBC}") = "WinProgramTaskDownloadDevice", "WinProgramTaskDownloadDevice\WinProgramTaskDownloadDevice.csproj", "{C49CEEAD-9EA7-447E-9A4A-41B01E7C8A4A}"
EndProject
Project("{FAE04EC0-301F-11D3-BF4B-00C04F79EFBC}") = "TaskDataInfo", "TaskDataInfo\TaskDataInfo.csproj", "{BBA7FC37-4A64-4370-B65C-A25487AD6B1B}"
EndProject
Project("{FAE04EC0-301F-11D3-BF4B-00C04F79EFBC}") = "ProgramTaskDBService", "ProgramTaskDBService\ProgramTaskDBService.csproj", "{E6AA08CF-92E5-43F3-9B35-C9B9660DD039}"
EndProject
Project("{FAE04EC0-301F-11D3-BF4B-00C04F79EFBC}") = "ProgramTaskCommonService", "ProgramTaskCommonService\ProgramTaskCommonService.csproj", "{3643F613-638F-4EFF-8EB5-228CB962CE57}"
EndProject
Project("{FAE04EC0-301F-11D3-BF4B-00C04F79EFBC}") = "WinProgramTaskActuatorDevice", "WinProgramTaskActuatorDevice\WinProgramTaskActuatorDevice.csproj", "{CE3752ED-7897-47BD-ABA4-0814028CAC6E}"
EndProject
Project("{FAE04EC0-301F-11D3-BF4B-00C04F79EFBC}") = "WinTaskProgramMonitor", "WinTaskProgramMonitor\WinTaskProgramMonitor.csproj", "{04BA0ED0-959F-436B-94B2-8DA821C93A5B}"
EndProject
Project("{FAE04EC0-301F-11D3-BF4B-00C04F79EFBC}") = "XConvert2InCsharp", "XConvert2InCsharp\XConvert2InCsharp.csproj", "{59EB29D7-9EF1-4C71-AE99-78A2E87D6E66}"
EndProject
Global
	GlobalSection(SolutionConfigurationPlatforms) = preSolution
		Debug|Any CPU = Debug|Any CPU
		Debug|x86 = Debug|x86
		Release|Any CPU = Release|Any CPU
		Release|x86 = Release|x86
	EndGlobalSection
	GlobalSection(ProjectConfigurationPlatforms) = postSolution
		{C49CEEAD-9EA7-447E-9A4A-41B01E7C8A4A}.Debug|Any CPU.ActiveCfg = Debug|Any CPU
		{C49CEEAD-9EA7-447E-9A4A-41B01E7C8A4A}.Debug|Any CPU.Build.0 = Debug|Any CPU
		{C49CEEAD-9EA7-447E-9A4A-41B01E7C8A4A}.Debug|x86.ActiveCfg = Debug|Any CPU
		{C49CEEAD-9EA7-447E-9A4A-41B01E7C8A4A}.Debug|x86.Build.0 = Debug|Any CPU
		{C49CEEAD-9EA7-447E-9A4A-41B01E7C8A4A}.Release|Any CPU.ActiveCfg = Release|Any CPU
		{C49CEEAD-9EA7-447E-9A4A-41B01E7C8A4A}.Release|Any CPU.Build.0 = Release|Any CPU
		{C49CEEAD-9EA7-447E-9A4A-41B01E7C8A4A}.Release|x86.ActiveCfg = Release|Any CPU
		{C49CEEAD-9EA7-447E-9A4A-41B01E7C8A4A}.Release|x86.Build.0 = Release|Any CPU
		{BBA7FC37-4A64-4370-B65C-A25487AD6B1B}.Debug|Any CPU.ActiveCfg = Debug|Any CPU
		{BBA7FC37-4A64-4370-B65C-A25487AD6B1B}.Debug|Any CPU.Build.0 = Debug|Any CPU
		{BBA7FC37-4A64-4370-B65C-A25487AD6B1B}.Debug|x86.ActiveCfg = Debug|Any CPU
		{BBA7FC37-4A64-4370-B65C-A25487AD6B1B}.Debug|x86.Build.0 = Debug|Any CPU
		{BBA7FC37-4A64-4370-B65C-A25487AD6B1B}.Release|Any CPU.ActiveCfg = Release|Any CPU
		{BBA7FC37-4A64-4370-B65C-A25487AD6B1B}.Release|Any CPU.Build.0 = Release|Any CPU
		{BBA7FC37-4A64-4370-B65C-A25487AD6B1B}.Release|x86.ActiveCfg = Release|Any CPU
		{BBA7FC37-4A64-4370-B65C-A25487AD6B1B}.Release|x86.Build.0 = Release|Any CPU
		{E6AA08CF-92E5-43F3-9B35-C9B9660DD039}.Debug|Any CPU.ActiveCfg = Debug|Any CPU
		{E6AA08CF-92E5-43F3-9B35-C9B9660DD039}.Debug|Any CPU.Build.0 = Debug|Any CPU
		{E6AA08CF-92E5-43F3-9B35-C9B9660DD039}.Debug|x86.ActiveCfg = Debug|Any CPU
		{E6AA08CF-92E5-43F3-9B35-C9B9660DD039}.Debug|x86.Build.0 = Debug|Any CPU
		{E6AA08CF-92E5-43F3-9B35-C9B9660DD039}.Release|Any CPU.ActiveCfg = Release|Any CPU
		{E6AA08CF-92E5-43F3-9B35-C9B9660DD039}.Release|Any CPU.Build.0 = Release|Any CPU
		{E6AA08CF-92E5-43F3-9B35-C9B9660DD039}.Release|x86.ActiveCfg = Release|Any CPU
		{E6AA08CF-92E5-43F3-9B35-C9B9660DD039}.Release|x86.Build.0 = Release|Any CPU
		{3643F613-638F-4EFF-8EB5-228CB962CE57}.Debug|Any CPU.ActiveCfg = Debug|Any CPU
		{3643F613-638F-4EFF-8EB5-228CB962CE57}.Debug|Any CPU.Build.0 = Debug|Any CPU
		{3643F613-638F-4EFF-8EB5-228CB962CE57}.Debug|x86.ActiveCfg = Debug|Any CPU
		{3643F613-638F-4EFF-8EB5-228CB962CE57}.Debug|x86.Build.0 = Debug|Any CPU
		{3643F613-638F-4EFF-8EB5-228CB962CE57}.Release|Any CPU.ActiveCfg = Release|Any CPU
		{3643F613-638F-4EFF-8EB5-228CB962CE57}.Release|Any CPU.Build.0 = Release|Any CPU
		{3643F613-638F-4EFF-8EB5-228CB962CE57}.Release|x86.ActiveCfg = Release|Any CPU
		{3643F613-638F-4EFF-8EB5-228CB962CE57}.Release|x86.Build.0 = Release|Any CPU
		{CE3752ED-7897-47BD-ABA4-0814028CAC6E}.Debug|Any CPU.ActiveCfg = Debug|Any CPU
		{CE3752ED-7897-47BD-ABA4-0814028CAC6E}.Debug|Any CPU.Build.0 = Debug|Any CPU
		{CE3752ED-7897-47BD-ABA4-0814028CAC6E}.Debug|x86.ActiveCfg = Debug|x86
		{CE3752ED-7897-47BD-ABA4-0814028CAC6E}.Debug|x86.Build.0 = Debug|x86
		{CE3752ED-7897-47BD-ABA4-0814028CAC6E}.Release|Any CPU.ActiveCfg = Release|Any CPU
		{CE3752ED-7897-47BD-ABA4-0814028CAC6E}.Release|Any CPU.Build.0 = Release|Any CPU
		{CE3752ED-7897-47BD-ABA4-0814028CAC6E}.Release|x86.ActiveCfg = Release|x86
		{CE3752ED-7897-47BD-ABA4-0814028CAC6E}.Release|x86.Build.0 = Release|x86
		{04BA0ED0-959F-436B-94B2-8DA821C93A5B}.Debug|Any CPU.ActiveCfg = Debug|Any CPU
		{04BA0ED0-959F-436B-94B2-8DA821C93A5B}.Debug|Any CPU.Build.0 = Debug|Any CPU
		{04BA0ED0-959F-436B-94B2-8DA821C93A5B}.Debug|x86.ActiveCfg = Debug|Any CPU
		{04BA0ED0-959F-436B-94B2-8DA821C93A5B}.Debug|x86.Build.0 = Debug|Any CPU
		{04BA0ED0-959F-436B-94B2-8DA821C93A5B}.Release|Any CPU.ActiveCfg = Release|Any CPU
		{04BA0ED0-959F-436B-94B2-8DA821C93A5B}.Release|Any CPU.Build.0 = Release|Any CPU
		{04BA0ED0-959F-436B-94B2-8DA821C93A5B}.Release|x86.ActiveCfg = Release|Any CPU
		{04BA0ED0-959F-436B-94B2-8DA821C93A5B}.Release|x86.Build.0 = Release|Any CPU
		{59EB29D7-9EF1-4C71-AE99-78A2E87D6E66}.Debug|Any CPU.ActiveCfg = Debug|Any CPU
		{59EB29D7-9EF1-4C71-AE99-78A2E87D6E66}.Debug|Any CPU.Build.0 = Debug|Any CPU
		{59EB29D7-9EF1-4C71-AE99-78A2E87D6E66}.Debug|x86.ActiveCfg = Debug|Any CPU
		{59EB29D7-9EF1-4C71-AE99-78A2E87D6E66}.Debug|x86.Build.0 = Debug|Any CPU
		{59EB29D7-9EF1-4C71-AE99-78A2E87D6E66}.Release|Any CPU.ActiveCfg = Release|Any CPU
		{59EB29D7-9EF1-4C71-AE99-78A2E87D6E66}.Release|Any CPU.Build.0 = Release|Any CPU
		{59EB29D7-9EF1-4C71-AE99-78A2E87D6E66}.Release|x86.ActiveCfg = Release|Any CPU
		{59EB29D7-9EF1-4C71-AE99-78A2E87D6E66}.Release|x86.Build.0 = Release|Any CPU
	EndGlobalSection
	GlobalSection(SolutionProperties) = preSolution
		HideSolutionNode = FALSE
	EndGlobalSection
EndGlobal
